// !$*UTF8*$!
{
	archiveVersion = 1;
	classes = {
	};
	objectVersion = 56;
	objects = {

/* Begin PBXBuildFile section */
		1D6080872C34B2A60048B8C4 /* KeyboardGeometryApp.swift in Sources */ = {isa = PBXBuildFile; fileRef = 1D6080862C34B2A60048B8C4 /* KeyboardGeometryApp.swift */; };
		1D6080892C34B2A60048B8C4 /* ContentView.swift in Sources */ = {isa = PBXBuildFile; fileRef = 1D6080882C34B2A60048B8C4 /* ContentView.swift */; };
		1D60808B2C34B2A70048B8C4 /* Assets.xcassets in Resources */ = {isa = PBXBuildFile; fileRef = 1D60808A2C34B2A70048B8C4 /* Assets.xcassets */; };
		1D60808E2C34B2A70048B8C4 /* Preview Assets.xcassets in Resources */ = {isa = PBXBuildFile; fileRef = 1D60808D2C34B2A70048B8C4 /* Preview Assets.xcassets */; };
		1D75A6DE2C3EFB630088D111 /* LandscapeView.swift in Sources */ = {isa = PBXBuildFile; fileRef = 1D75A6DD2C3EFB630088D111 /* LandscapeView.swift */; };
		1D75A6E02C3EFC950088D111 /* PortraitView.swift in Sources */ = {isa = PBXBuildFile; fileRef = 1D75A6DF2C3EFC950088D111 /* PortraitView.swift */; };
		1D75A6E22C3EFDA50088D111 /* DeviceRotationViewModifier.swift in Sources */ = {isa = PBXBuildFile; fileRef = 1D75A6E12C3EFDA40088D111 /* DeviceRotationViewModifier.swift */; };
		1D7A7B542C38A23600A8807C /* BlackKeyShape.swift in Sources */ = {isa = PBXBuildFile; fileRef = 1D7A7B532C38A23600A8807C /* BlackKeyShape.swift */; };
		1D7A7B572C38A28600A8807C /* CandEShape.swift in Sources */ = {isa = PBXBuildFile; fileRef = 1D7A7B562C38A28600A8807C /* CandEShape.swift */; };
		1D7A7B592C38A2D800A8807C /* DShape.swift in Sources */ = {isa = PBXBuildFile; fileRef = 1D7A7B582C38A2D800A8807C /* DShape.swift */; };
		1D7A7B5B2C38A32400A8807C /* FandBShape.swift in Sources */ = {isa = PBXBuildFile; fileRef = 1D7A7B5A2C38A32400A8807C /* FandBShape.swift */; };
		1D7A7B5D2C38A35000A8807C /* GandAShape.swift in Sources */ = {isa = PBXBuildFile; fileRef = 1D7A7B5C2C38A35000A8807C /* GandAShape.swift */; };
		1D7A7B5F2C38C1B200A8807C /* KeyType.swift in Sources */ = {isa = PBXBuildFile; fileRef = 1D7A7B5E2C38C1B200A8807C /* KeyType.swift */; };
		1D7A7B612C38C40B00A8807C /* Key.swift in Sources */ = {isa = PBXBuildFile; fileRef = 1D7A7B602C38C40B00A8807C /* Key.swift */; };
		1D7A7B632C38CA5B00A8807C /* Keyboard.swift in Sources */ = {isa = PBXBuildFile; fileRef = 1D7A7B622C38CA5B00A8807C /* Keyboard.swift */; };
		1D7A7B662C38E61400A8807C /* EndingCandEShape.swift in Sources */ = {isa = PBXBuildFile; fileRef = 1D7A7B652C38E61400A8807C /* EndingCandEShape.swift */; };
		1D9712EC2C3B116500BC2BA4 /* KeyShape.swift in Sources */ = {isa = PBXBuildFile; fileRef = 1D9712EB2C3B116500BC2BA4 /* KeyShape.swift */; };
		1D9712EF2C3B249E00BC2BA4 /* CShapeGroup.swift in Sources */ = {isa = PBXBuildFile; fileRef = 1D9712EE2C3B249E00BC2BA4 /* CShapeGroup.swift */; };
		1D9712F12C3B286C00BC2BA4 /* DShapeGroup.swift in Sources */ = {isa = PBXBuildFile; fileRef = 1D9712F02C3B286C00BC2BA4 /* DShapeGroup.swift */; };
		1D9BB4122C3513B9001346AE /* Custom Extensions.swift in Sources */ = {isa = PBXBuildFile; fileRef = 1D9BB4112C3513B9001346AE /* Custom Extensions.swift */; };
		1D9BB4192C351862001346AE /* KeyProtocol.swift in Sources */ = {isa = PBXBuildFile; fileRef = 1D9BB4182C351862001346AE /* KeyProtocol.swift */; };
		1D9BB41B2C35197F001346AE /* Constants.swift in Sources */ = {isa = PBXBuildFile; fileRef = 1D9BB41A2C35197F001346AE /* Constants.swift */; };
		1D9BB4232C35B66A001346AE /* TypeAliases.swift in Sources */ = {isa = PBXBuildFile; fileRef = 1D9BB4222C35B66A001346AE /* TypeAliases.swift */; };
		1DDCB9F42C3CF11F00DBCDD9 /* LandscapeTestView.swift in Sources */ = {isa = PBXBuildFile; fileRef = 1DDCB9F32C3CF11F00DBCDD9 /* LandscapeTestView.swift */; };
		1DE1C72C2C3B295E008D6135 /* EShapeGroup.swift in Sources */ = {isa = PBXBuildFile; fileRef = 1DE1C72B2C3B295E008D6135 /* EShapeGroup.swift */; };
		1DE1C72F2C3B2ACC008D6135 /* FShapeGroup.swift in Sources */ = {isa = PBXBuildFile; fileRef = 1DE1C72E2C3B2ACC008D6135 /* FShapeGroup.swift */; };
		1DE1C7312C3B2B88008D6135 /* BShapeGroup.swift in Sources */ = {isa = PBXBuildFile; fileRef = 1DE1C7302C3B2B88008D6135 /* BShapeGroup.swift */; };
		1DE1C7332C3B2C64008D6135 /* GShapeGroup.swift in Sources */ = {isa = PBXBuildFile; fileRef = 1DE1C7322C3B2C64008D6135 /* GShapeGroup.swift */; };
		1DE1C7352C3B2CD1008D6135 /* AShapeGroup.swift in Sources */ = {isa = PBXBuildFile; fileRef = 1DE1C7342C3B2CD1008D6135 /* AShapeGroup.swift */; };
		1DE1C7372C3B2D32008D6135 /* BlackKeyShapeGroup.swift in Sources */ = {isa = PBXBuildFile; fileRef = 1DE1C7362C3B2D32008D6135 /* BlackKeyShapeGroup.swift */; };
		1DE1C73A2C3B2DF4008D6135 /* EndingCandEShapeGroup.swift in Sources */ = {isa = PBXBuildFile; fileRef = 1DE1C7392C3B2DF4008D6135 /* EndingCandEShapeGroup.swift */; };
		1DE783422C3D979D00AA0FE8 /* KeyShapeGroup.swift in Sources */ = {isa = PBXBuildFile; fileRef = 1DE783412C3D979D00AA0FE8 /* KeyShapeGroup.swift */; };
/* End PBXBuildFile section */

/* Begin PBXFileReference section */
		1D6080832C34B2A60048B8C4 /* KeyboardGeometry.app */ = {isa = PBXFileReference; explicitFileType = wrapper.application; includeInIndex = 0; path = KeyboardGeometry.app; sourceTree = BUILT_PRODUCTS_DIR; };
		1D6080862C34B2A60048B8C4 /* KeyboardGeometryApp.swift */ = {isa = PBXFileReference; lastKnownFileType = sourcecode.swift; path = KeyboardGeometryApp.swift; sourceTree = "<group>"; };
		1D6080882C34B2A60048B8C4 /* ContentView.swift */ = {isa = PBXFileReference; lastKnownFileType = sourcecode.swift; path = ContentView.swift; sourceTree = "<group>"; };
		1D60808A2C34B2A70048B8C4 /* Assets.xcassets */ = {isa = PBXFileReference; lastKnownFileType = folder.assetcatalog; path = Assets.xcassets; sourceTree = "<group>"; };
		1D60808D2C34B2A70048B8C4 /* Preview Assets.xcassets */ = {isa = PBXFileReference; lastKnownFileType = folder.assetcatalog; path = "Preview Assets.xcassets"; sourceTree = "<group>"; };
		1D75A6DD2C3EFB630088D111 /* LandscapeView.swift */ = {isa = PBXFileReference; lastKnownFileType = sourcecode.swift; path = LandscapeView.swift; sourceTree = "<group>"; };
		1D75A6DF2C3EFC950088D111 /* PortraitView.swift */ = {isa = PBXFileReference; lastKnownFileType = sourcecode.swift; path = PortraitView.swift; sourceTree = "<group>"; };
		1D75A6E12C3EFDA40088D111 /* DeviceRotationViewModifier.swift */ = {isa = PBXFileReference; lastKnownFileType = sourcecode.swift; path = DeviceRotationViewModifier.swift; sourceTree = "<group>"; };
		1D7A7B532C38A23600A8807C /* BlackKeyShape.swift */ = {isa = PBXFileReference; lastKnownFileType = sourcecode.swift; path = BlackKeyShape.swift; sourceTree = "<group>"; };
		1D7A7B562C38A28600A8807C /* CandEShape.swift */ = {isa = PBXFileReference; lastKnownFileType = sourcecode.swift; path = CandEShape.swift; sourceTree = "<group>"; };
		1D7A7B582C38A2D800A8807C /* DShape.swift */ = {isa = PBXFileReference; lastKnownFileType = sourcecode.swift; path = DShape.swift; sourceTree = "<group>"; };
		1D7A7B5A2C38A32400A8807C /* FandBShape.swift */ = {isa = PBXFileReference; lastKnownFileType = sourcecode.swift; path = FandBShape.swift; sourceTree = "<group>"; };
		1D7A7B5C2C38A35000A8807C /* GandAShape.swift */ = {isa = PBXFileReference; lastKnownFileType = sourcecode.swift; path = GandAShape.swift; sourceTree = "<group>"; };
		1D7A7B5E2C38C1B200A8807C /* KeyType.swift */ = {isa = PBXFileReference; lastKnownFileType = sourcecode.swift; path = KeyType.swift; sourceTree = "<group>"; };
		1D7A7B602C38C40B00A8807C /* Key.swift */ = {isa = PBXFileReference; lastKnownFileType = sourcecode.swift; path = Key.swift; sourceTree = "<group>"; };
		1D7A7B622C38CA5B00A8807C /* Keyboard.swift */ = {isa = PBXFileReference; lastKnownFileType = sourcecode.swift; path = Keyboard.swift; sourceTree = "<group>"; };
		1D7A7B652C38E61400A8807C /* EndingCandEShape.swift */ = {isa = PBXFileReference; lastKnownFileType = sourcecode.swift; path = EndingCandEShape.swift; sourceTree = "<group>"; };
		1D9712EB2C3B116500BC2BA4 /* KeyShape.swift */ = {isa = PBXFileReference; lastKnownFileType = sourcecode.swift; path = KeyShape.swift; sourceTree = "<group>"; };
		1D9712EE2C3B249E00BC2BA4 /* CShapeGroup.swift */ = {isa = PBXFileReference; lastKnownFileType = sourcecode.swift; path = CShapeGroup.swift; sourceTree = "<group>"; };
		1D9712F02C3B286C00BC2BA4 /* DShapeGroup.swift */ = {isa = PBXFileReference; lastKnownFileType = sourcecode.swift; path = DShapeGroup.swift; sourceTree = "<group>"; };
		1D9BB4112C3513B9001346AE /* Custom Extensions.swift */ = {isa = PBXFileReference; lastKnownFileType = sourcecode.swift; path = "Custom Extensions.swift"; sourceTree = "<group>"; };
		1D9BB4182C351862001346AE /* KeyProtocol.swift */ = {isa = PBXFileReference; lastKnownFileType = sourcecode.swift; path = KeyProtocol.swift; sourceTree = "<group>"; };
		1D9BB41A2C35197F001346AE /* Constants.swift */ = {isa = PBXFileReference; lastKnownFileType = sourcecode.swift; path = Constants.swift; sourceTree = "<group>"; };
		1D9BB4222C35B66A001346AE /* TypeAliases.swift */ = {isa = PBXFileReference; lastKnownFileType = sourcecode.swift; path = TypeAliases.swift; sourceTree = "<group>"; };
		1DDCB9F32C3CF11F00DBCDD9 /* LandscapeTestView.swift */ = {isa = PBXFileReference; lastKnownFileType = sourcecode.swift; path = LandscapeTestView.swift; sourceTree = "<group>"; };
		1DE1C72B2C3B295E008D6135 /* EShapeGroup.swift */ = {isa = PBXFileReference; lastKnownFileType = sourcecode.swift; path = EShapeGroup.swift; sourceTree = "<group>"; };
		1DE1C72E2C3B2ACC008D6135 /* FShapeGroup.swift */ = {isa = PBXFileReference; lastKnownFileType = sourcecode.swift; path = FShapeGroup.swift; sourceTree = "<group>"; };
		1DE1C7302C3B2B88008D6135 /* BShapeGroup.swift */ = {isa = PBXFileReference; lastKnownFileType = sourcecode.swift; path = BShapeGroup.swift; sourceTree = "<group>"; };
		1DE1C7322C3B2C64008D6135 /* GShapeGroup.swift */ = {isa = PBXFileReference; lastKnownFileType = sourcecode.swift; path = GShapeGroup.swift; sourceTree = "<group>"; };
		1DE1C7342C3B2CD1008D6135 /* AShapeGroup.swift */ = {isa = PBXFileReference; lastKnownFileType = sourcecode.swift; path = AShapeGroup.swift; sourceTree = "<group>"; };
		1DE1C7362C3B2D32008D6135 /* BlackKeyShapeGroup.swift */ = {isa = PBXFileReference; lastKnownFileType = sourcecode.swift; path = BlackKeyShapeGroup.swift; sourceTree = "<group>"; };
		1DE1C7392C3B2DF4008D6135 /* EndingCandEShapeGroup.swift */ = {isa = PBXFileReference; lastKnownFileType = sourcecode.swift; path = EndingCandEShapeGroup.swift; sourceTree = "<group>"; };
		1DE783412C3D979D00AA0FE8 /* KeyShapeGroup.swift */ = {isa = PBXFileReference; lastKnownFileType = sourcecode.swift; path = KeyShapeGroup.swift; sourceTree = "<group>"; };
/* End PBXFileReference section */

/* Begin PBXFrameworksBuildPhase section */
		1D6080802C34B2A60048B8C4 /* Frameworks */ = {
			isa = PBXFrameworksBuildPhase;
			buildActionMask = 2147483647;
			files = (
			);
			runOnlyForDeploymentPostprocessing = 0;
		};
/* End PBXFrameworksBuildPhase section */

/* Begin PBXGroup section */
		1D47F6732C3DC5EA0006E83D /* Models */ = {
			isa = PBXGroup;
			children = (
				1D7A7B5E2C38C1B200A8807C /* KeyType.swift */,
				1D9BB41A2C35197F001346AE /* Constants.swift */,
				1D9BB4222C35B66A001346AE /* TypeAliases.swift */,
				1D9BB4112C3513B9001346AE /* Custom Extensions.swift */,
				1D75A6E12C3EFDA40088D111 /* DeviceRotationViewModifier.swift */,
			);
			path = Models;
			sourceTree = "<group>";
		};
		1D60807A2C34B2A60048B8C4 = {
			isa = PBXGroup;
			children = (
				1D6080852C34B2A60048B8C4 /* KeyboardGeometry */,
				1D6080842C34B2A60048B8C4 /* Products */,
			);
			sourceTree = "<group>";
		};
		1D6080842C34B2A60048B8C4 /* Products */ = {
			isa = PBXGroup;
			children = (
				1D6080832C34B2A60048B8C4 /* KeyboardGeometry.app */,
			);
			name = Products;
			sourceTree = "<group>";
		};
		1D6080852C34B2A60048B8C4 /* KeyboardGeometry */ = {
			isa = PBXGroup;
			children = (
				1D6080862C34B2A60048B8C4 /* KeyboardGeometryApp.swift */,
				1D9BB4002C351234001346AE /* Views */,
				1D47F6732C3DC5EA0006E83D /* Models */,
				1D60808A2C34B2A70048B8C4 /* Assets.xcassets */,
				1D60808C2C34B2A70048B8C4 /* Preview Content */,
			);
			path = KeyboardGeometry;
			sourceTree = "<group>";
		};
		1D60808C2C34B2A70048B8C4 /* Preview Content */ = {
			isa = PBXGroup;
			children = (
				1D60808D2C34B2A70048B8C4 /* Preview Assets.xcassets */,
			);
			path = "Preview Content";
			sourceTree = "<group>";
		};
		1D7A7B4C2C3899EC00A8807C /* KeyShapes */ = {
			isa = PBXGroup;
			children = (
				1D7A7B562C38A28600A8807C /* CandEShape.swift */,
				1D7A7B582C38A2D800A8807C /* DShape.swift */,
				1D7A7B5A2C38A32400A8807C /* FandBShape.swift */,
				1D7A7B5C2C38A35000A8807C /* GandAShape.swift */,
				1D7A7B652C38E61400A8807C /* EndingCandEShape.swift */,
				1D7A7B532C38A23600A8807C /* BlackKeyShape.swift */,
			);
			path = KeyShapes;
			sourceTree = "<group>";
		};
		1D9712ED2C3B247900BC2BA4 /* KeyShapeGroups */ = {
			isa = PBXGroup;
			children = (
				1D9712EE2C3B249E00BC2BA4 /* CShapeGroup.swift */,
				1D9712F02C3B286C00BC2BA4 /* DShapeGroup.swift */,
				1DE1C72B2C3B295E008D6135 /* EShapeGroup.swift */,
				1DE1C72E2C3B2ACC008D6135 /* FShapeGroup.swift */,
				1DE1C7322C3B2C64008D6135 /* GShapeGroup.swift */,
				1DE1C7342C3B2CD1008D6135 /* AShapeGroup.swift */,
				1DE1C7302C3B2B88008D6135 /* BShapeGroup.swift */,
				1DE1C7362C3B2D32008D6135 /* BlackKeyShapeGroup.swift */,
				1DE1C7392C3B2DF4008D6135 /* EndingCandEShapeGroup.swift */,
			);
			path = KeyShapeGroups;
			sourceTree = "<group>";
		};
		1D9BB4002C351234001346AE /* Views */ = {
			isa = PBXGroup;
			children = (
				1D6080882C34B2A60048B8C4 /* ContentView.swift */,
				1DDCB9F32C3CF11F00DBCDD9 /* LandscapeTestView.swift */,
				1D75A6DD2C3EFB630088D111 /* LandscapeView.swift */,
				1D75A6DF2C3EFC950088D111 /* PortraitView.swift */,
				1D7A7B622C38CA5B00A8807C /* Keyboard.swift */,
				1D9BB4132C35173F001346AE /* Keys */,
			);
			path = Views;
			sourceTree = "<group>";
		};
		1D9BB4132C35173F001346AE /* Keys */ = {
			isa = PBXGroup;
			children = (
				1D7A7B602C38C40B00A8807C /* Key.swift */,
				1DE783402C3D977200AA0FE8 /* Key Protocols */,
				1D9712ED2C3B247900BC2BA4 /* KeyShapeGroups */,
				1D7A7B4C2C3899EC00A8807C /* KeyShapes */,
			);
			path = Keys;
			sourceTree = "<group>";
		};
		1DE783402C3D977200AA0FE8 /* Key Protocols */ = {
			isa = PBXGroup;
			children = (
				1D9BB4182C351862001346AE /* KeyProtocol.swift */,
				1D9712EB2C3B116500BC2BA4 /* KeyShape.swift */,
				1DE783412C3D979D00AA0FE8 /* KeyShapeGroup.swift */,
			);
			path = "Key Protocols";
			sourceTree = "<group>";
		};
/* End PBXGroup section */

/* Begin PBXNativeTarget section */
		1D6080822C34B2A60048B8C4 /* KeyboardGeometry */ = {
			isa = PBXNativeTarget;
			buildConfigurationList = 1D6080912C34B2A70048B8C4 /* Build configuration list for PBXNativeTarget "KeyboardGeometry" */;
			buildPhases = (
				1D60807F2C34B2A60048B8C4 /* Sources */,
				1D6080802C34B2A60048B8C4 /* Frameworks */,
				1D6080812C34B2A60048B8C4 /* Resources */,
			);
			buildRules = (
			);
			dependencies = (
			);
			name = KeyboardGeometry;
			productName = KeyboardGeometry;
			productReference = 1D6080832C34B2A60048B8C4 /* KeyboardGeometry.app */;
			productType = "com.apple.product-type.application";
		};
/* End PBXNativeTarget section */

/* Begin PBXProject section */
		1D60807B2C34B2A60048B8C4 /* Project object */ = {
			isa = PBXProject;
			attributes = {
				BuildIndependentTargetsInParallel = 1;
				LastSwiftUpdateCheck = 1520;
				LastUpgradeCheck = 1520;
				TargetAttributes = {
					1D6080822C34B2A60048B8C4 = {
						CreatedOnToolsVersion = 15.2;
					};
				};
			};
			buildConfigurationList = 1D60807E2C34B2A60048B8C4 /* Build configuration list for PBXProject "KeyboardGeometry" */;
			compatibilityVersion = "Xcode 14.0";
			developmentRegion = en;
			hasScannedForEncodings = 0;
			knownRegions = (
				en,
				Base,
			);
			mainGroup = 1D60807A2C34B2A60048B8C4;
			productRefGroup = 1D6080842C34B2A60048B8C4 /* Products */;
			projectDirPath = "";
			projectRoot = "";
			targets = (
				1D6080822C34B2A60048B8C4 /* KeyboardGeometry */,
			);
		};
/* End PBXProject section */

/* Begin PBXResourcesBuildPhase section */
		1D6080812C34B2A60048B8C4 /* Resources */ = {
			isa = PBXResourcesBuildPhase;
			buildActionMask = 2147483647;
			files = (
				1D60808E2C34B2A70048B8C4 /* Preview Assets.xcassets in Resources */,
				1D60808B2C34B2A70048B8C4 /* Assets.xcassets in Resources */,
			);
			runOnlyForDeploymentPostprocessing = 0;
		};
/* End PBXResourcesBuildPhase section */

/* Begin PBXSourcesBuildPhase section */
		1D60807F2C34B2A60048B8C4 /* Sources */ = {
			isa = PBXSourcesBuildPhase;
			buildActionMask = 2147483647;
			files = (
				1DE1C72F2C3B2ACC008D6135 /* FShapeGroup.swift in Sources */,
				1D9BB4232C35B66A001346AE /* TypeAliases.swift in Sources */,
				1D7A7B572C38A28600A8807C /* CandEShape.swift in Sources */,
				1D75A6E22C3EFDA50088D111 /* DeviceRotationViewModifier.swift in Sources */,
				1D75A6E02C3EFC950088D111 /* PortraitView.swift in Sources */,
				1D9BB4192C351862001346AE /* KeyProtocol.swift in Sources */,
				1DDCB9F42C3CF11F00DBCDD9 /* LandscapeTestView.swift in Sources */,
				1DE783422C3D979D00AA0FE8 /* KeyShapeGroup.swift in Sources */,
				1DE1C7332C3B2C64008D6135 /* GShapeGroup.swift in Sources */,
				1D7A7B5B2C38A32400A8807C /* FandBShape.swift in Sources */,
				1D6080892C34B2A60048B8C4 /* ContentView.swift in Sources */,
				1D9712EC2C3B116500BC2BA4 /* KeyShape.swift in Sources */,
				1D7A7B632C38CA5B00A8807C /* Keyboard.swift in Sources */,
				1D7A7B612C38C40B00A8807C /* Key.swift in Sources */,
				1D75A6DE2C3EFB630088D111 /* LandscapeView.swift in Sources */,
				1DE1C7312C3B2B88008D6135 /* BShapeGroup.swift in Sources */,
				1D9712F12C3B286C00BC2BA4 /* DShapeGroup.swift in Sources */,
				1D9712EF2C3B249E00BC2BA4 /* CShapeGroup.swift in Sources */,
				1DE1C73A2C3B2DF4008D6135 /* EndingCandEShapeGroup.swift in Sources */,
				1DE1C72C2C3B295E008D6135 /* EShapeGroup.swift in Sources */,
				1DE1C7372C3B2D32008D6135 /* BlackKeyShapeGroup.swift in Sources */,
				1D6080872C34B2A60048B8C4 /* KeyboardGeometryApp.swift in Sources */,
				1D9BB4122C3513B9001346AE /* Custom Extensions.swift in Sources */,
				1D7A7B5D2C38A35000A8807C /* GandAShape.swift in Sources */,
				1D7A7B592C38A2D800A8807C /* DShape.swift in Sources */,
				1DE1C7352C3B2CD1008D6135 /* AShapeGroup.swift in Sources */,
				1D7A7B542C38A23600A8807C /* BlackKeyShape.swift in Sources */,
				1D9BB41B2C35197F001346AE /* Constants.swift in Sources */,
				1D7A7B5F2C38C1B200A8807C /* KeyType.swift in Sources */,
				1D7A7B662C38E61400A8807C /* EndingCandEShape.swift in Sources */,
			);
			runOnlyForDeploymentPostprocessing = 0;
		};
/* End PBXSourcesBuildPhase section */

/* Begin XCBuildConfiguration section */
		1D60808F2C34B2A70048B8C4 /* Debug */ = {
			isa = XCBuildConfiguration;
			buildSettings = {
				ALWAYS_SEARCH_USER_PATHS = NO;
				ASSETCATALOG_COMPILER_GENERATE_SWIFT_ASSET_SYMBOL_EXTENSIONS = YES;
				CLANG_ANALYZER_NONNULL = YES;
				CLANG_ANALYZER_NUMBER_OBJECT_CONVERSION = YES_AGGRESSIVE;
				CLANG_CXX_LANGUAGE_STANDARD = "gnu++20";
				CLANG_ENABLE_MODULES = YES;
				CLANG_ENABLE_OBJC_ARC = YES;
				CLANG_ENABLE_OBJC_WEAK = YES;
				CLANG_WARN_BLOCK_CAPTURE_AUTORELEASING = YES;
				CLANG_WARN_BOOL_CONVERSION = YES;
				CLANG_WARN_COMMA = YES;
				CLANG_WARN_CONSTANT_CONVERSION = YES;
				CLANG_WARN_DEPRECATED_OBJC_IMPLEMENTATIONS = YES;
				CLANG_WARN_DIRECT_OBJC_ISA_USAGE = YES_ERROR;
				CLANG_WARN_DOCUMENTATION_COMMENTS = YES;
				CLANG_WARN_EMPTY_BODY = YES;
				CLANG_WARN_ENUM_CONVERSION = YES;
				CLANG_WARN_INFINITE_RECURSION = YES;
				CLANG_WARN_INT_CONVERSION = YES;
				CLANG_WARN_NON_LITERAL_NULL_CONVERSION = YES;
				CLANG_WARN_OBJC_IMPLICIT_RETAIN_SELF = YES;
				CLANG_WARN_OBJC_LITERAL_CONVERSION = YES;
				CLANG_WARN_OBJC_ROOT_CLASS = YES_ERROR;
				CLANG_WARN_QUOTED_INCLUDE_IN_FRAMEWORK_HEADER = YES;
				CLANG_WARN_RANGE_LOOP_ANALYSIS = YES;
				CLANG_WARN_STRICT_PROTOTYPES = YES;
				CLANG_WARN_SUSPICIOUS_MOVE = YES;
				CLANG_WARN_UNGUARDED_AVAILABILITY = YES_AGGRESSIVE;
				CLANG_WARN_UNREACHABLE_CODE = YES;
				CLANG_WARN__DUPLICATE_METHOD_MATCH = YES;
				COPY_PHASE_STRIP = NO;
				DEBUG_INFORMATION_FORMAT = dwarf;
				ENABLE_STRICT_OBJC_MSGSEND = YES;
				ENABLE_TESTABILITY = YES;
				ENABLE_USER_SCRIPT_SANDBOXING = YES;
				GCC_C_LANGUAGE_STANDARD = gnu17;
				GCC_DYNAMIC_NO_PIC = NO;
				GCC_NO_COMMON_BLOCKS = YES;
				GCC_OPTIMIZATION_LEVEL = 0;
				GCC_PREPROCESSOR_DEFINITIONS = (
					"DEBUG=1",
					"$(inherited)",
				);
				GCC_WARN_64_TO_32_BIT_CONVERSION = YES;
				GCC_WARN_ABOUT_RETURN_TYPE = YES_ERROR;
				GCC_WARN_UNDECLARED_SELECTOR = YES;
				GCC_WARN_UNINITIALIZED_AUTOS = YES_AGGRESSIVE;
				GCC_WARN_UNUSED_FUNCTION = YES;
				GCC_WARN_UNUSED_VARIABLE = YES;
				IPHONEOS_DEPLOYMENT_TARGET = 17.2;
				LOCALIZATION_PREFERS_STRING_CATALOGS = YES;
				MTL_ENABLE_DEBUG_INFO = INCLUDE_SOURCE;
				MTL_FAST_MATH = YES;
				ONLY_ACTIVE_ARCH = YES;
				SDKROOT = iphoneos;
				SWIFT_ACTIVE_COMPILATION_CONDITIONS = "DEBUG $(inherited)";
				SWIFT_OPTIMIZATION_LEVEL = "-Onone";
			};
			name = Debug;
		};
		1D6080902C34B2A70048B8C4 /* Release */ = {
			isa = XCBuildConfiguration;
			buildSettings = {
				ALWAYS_SEARCH_USER_PATHS = NO;
				ASSETCATALOG_COMPILER_GENERATE_SWIFT_ASSET_SYMBOL_EXTENSIONS = YES;
				CLANG_ANALYZER_NONNULL = YES;
				CLANG_ANALYZER_NUMBER_OBJECT_CONVERSION = YES_AGGRESSIVE;
				CLANG_CXX_LANGUAGE_STANDARD = "gnu++20";
				CLANG_ENABLE_MODULES = YES;
				CLANG_ENABLE_OBJC_ARC = YES;
				CLANG_ENABLE_OBJC_WEAK = YES;
				CLANG_WARN_BLOCK_CAPTURE_AUTORELEASING = YES;
				CLANG_WARN_BOOL_CONVERSION = YES;
				CLANG_WARN_COMMA = YES;
				CLANG_WARN_CONSTANT_CONVERSION = YES;
				CLANG_WARN_DEPRECATED_OBJC_IMPLEMENTATIONS = YES;
				CLANG_WARN_DIRECT_OBJC_ISA_USAGE = YES_ERROR;
				CLANG_WARN_DOCUMENTATION_COMMENTS = YES;
				CLANG_WARN_EMPTY_BODY = YES;
				CLANG_WARN_ENUM_CONVERSION = YES;
				CLANG_WARN_INFINITE_RECURSION = YES;
				CLANG_WARN_INT_CONVERSION = YES;
				CLANG_WARN_NON_LITERAL_NULL_CONVERSION = YES;
				CLANG_WARN_OBJC_IMPLICIT_RETAIN_SELF = YES;
				CLANG_WARN_OBJC_LITERAL_CONVERSION = YES;
				CLANG_WARN_OBJC_ROOT_CLASS = YES_ERROR;
				CLANG_WARN_QUOTED_INCLUDE_IN_FRAMEWORK_HEADER = YES;
				CLANG_WARN_RANGE_LOOP_ANALYSIS = YES;
				CLANG_WARN_STRICT_PROTOTYPES = YES;
				CLANG_WARN_SUSPICIOUS_MOVE = YES;
				CLANG_WARN_UNGUARDED_AVAILABILITY = YES_AGGRESSIVE;
				CLANG_WARN_UNREACHABLE_CODE = YES;
				CLANG_WARN__DUPLICATE_METHOD_MATCH = YES;
				COPY_PHASE_STRIP = NO;
				DEBUG_INFORMATION_FORMAT = "dwarf-with-dsym";
				ENABLE_NS_ASSERTIONS = NO;
				ENABLE_STRICT_OBJC_MSGSEND = YES;
				ENABLE_USER_SCRIPT_SANDBOXING = YES;
				GCC_C_LANGUAGE_STANDARD = gnu17;
				GCC_NO_COMMON_BLOCKS = YES;
				GCC_WARN_64_TO_32_BIT_CONVERSION = YES;
				GCC_WARN_ABOUT_RETURN_TYPE = YES_ERROR;
				GCC_WARN_UNDECLARED_SELECTOR = YES;
				GCC_WARN_UNINITIALIZED_AUTOS = YES_AGGRESSIVE;
				GCC_WARN_UNUSED_FUNCTION = YES;
				GCC_WARN_UNUSED_VARIABLE = YES;
				IPHONEOS_DEPLOYMENT_TARGET = 17.2;
				LOCALIZATION_PREFERS_STRING_CATALOGS = YES;
				MTL_ENABLE_DEBUG_INFO = NO;
				MTL_FAST_MATH = YES;
				SDKROOT = iphoneos;
				SWIFT_COMPILATION_MODE = wholemodule;
				VALIDATE_PRODUCT = YES;
			};
			name = Release;
		};
		1D6080922C34B2A70048B8C4 /* Debug */ = {
			isa = XCBuildConfiguration;
			buildSettings = {
				ASSETCATALOG_COMPILER_APPICON_NAME = AppIcon;
				ASSETCATALOG_COMPILER_GLOBAL_ACCENT_COLOR_NAME = AccentColor;
				CODE_SIGN_STYLE = Automatic;
				CURRENT_PROJECT_VERSION = 1;
				DEVELOPMENT_ASSET_PATHS = "\"KeyboardGeometry/Preview Content\"";
				DEVELOPMENT_TEAM = C359E2V4B3;
				ENABLE_PREVIEWS = YES;
				GENERATE_INFOPLIST_FILE = YES;
				INFOPLIST_KEY_UIApplicationSceneManifest_Generation = YES;
				INFOPLIST_KEY_UIApplicationSupportsIndirectInputEvents = YES;
				INFOPLIST_KEY_UILaunchScreen_Generation = YES;
				INFOPLIST_KEY_UISupportedInterfaceOrientations_iPad = "UIInterfaceOrientationPortrait UIInterfaceOrientationPortraitUpsideDown UIInterfaceOrientationLandscapeLeft UIInterfaceOrientationLandscapeRight";
				INFOPLIST_KEY_UISupportedInterfaceOrientations_iPhone = "UIInterfaceOrientationPortrait UIInterfaceOrientationLandscapeLeft UIInterfaceOrientationLandscapeRight";
				LD_RUNPATH_SEARCH_PATHS = (
					"$(inherited)",
					"@executable_path/Frameworks",
				);
				MARKETING_VERSION = 1.0;
				PRODUCT_BUNDLE_IDENTIFIER = com.jakesmolowe.KeyboardGeometry;
				PRODUCT_NAME = "$(TARGET_NAME)";
				SWIFT_EMIT_LOC_STRINGS = YES;
				SWIFT_VERSION = 5.0;
				TARGETED_DEVICE_FAMILY = "1,2";
			};
			name = Debug;
		};
		1D6080932C34B2A70048B8C4 /* Release */ = {
			isa = XCBuildConfiguration;
			buildSettings = {
				ASSETCATALOG_COMPILER_APPICON_NAME = AppIcon;
				ASSETCATALOG_COMPILER_GLOBAL_ACCENT_COLOR_NAME = AccentColor;
				CODE_SIGN_STYLE = Automatic;
				CURRENT_PROJECT_VERSION = 1;
				DEVELOPMENT_ASSET_PATHS = "\"KeyboardGeometry/Preview Content\"";
				DEVELOPMENT_TEAM = C359E2V4B3;
				ENABLE_PREVIEWS = YES;
				GENERATE_INFOPLIST_FILE = YES;
				INFOPLIST_KEY_UIApplicationSceneManifest_Generation = YES;
				INFOPLIST_KEY_UIApplicationSupportsIndirectInputEvents = YES;
				INFOPLIST_KEY_UILaunchScreen_Generation = YES;
				INFOPLIST_KEY_UISupportedInterfaceOrientations_iPad = "UIInterfaceOrientationPortrait UIInterfaceOrientationPortraitUpsideDown UIInterfaceOrientationLandscapeLeft UIInterfaceOrientationLandscapeRight";
				INFOPLIST_KEY_UISupportedInterfaceOrientations_iPhone = "UIInterfaceOrientationPortrait UIInterfaceOrientationLandscapeLeft UIInterfaceOrientationLandscapeRight";
				LD_RUNPATH_SEARCH_PATHS = (
					"$(inherited)",
					"@executable_path/Frameworks",
				);
				MARKETING_VERSION = 1.0;
				PRODUCT_BUNDLE_IDENTIFIER = com.jakesmolowe.KeyboardGeometry;
				PRODUCT_NAME = "$(TARGET_NAME)";
				SWIFT_EMIT_LOC_STRINGS = YES;
				SWIFT_VERSION = 5.0;
				TARGETED_DEVICE_FAMILY = "1,2";
			};
			name = Release;
		};
/* End XCBuildConfiguration section */

/* Begin XCConfigurationList section */
		1D60807E2C34B2A60048B8C4 /* Build configuration list for PBXProject "KeyboardGeometry" */ = {
			isa = XCConfigurationList;
			buildConfigurations = (
				1D60808F2C34B2A70048B8C4 /* Debug */,
				1D6080902C34B2A70048B8C4 /* Release */,
			);
			defaultConfigurationIsVisible = 0;
			defaultConfigurationName = Release;
		};
		1D6080912C34B2A70048B8C4 /* Build configuration list for PBXNativeTarget "KeyboardGeometry" */ = {
			isa = XCConfigurationList;
			buildConfigurations = (
				1D6080922C34B2A70048B8C4 /* Debug */,
				1D6080932C34B2A70048B8C4 /* Release */,
			);
			defaultConfigurationIsVisible = 0;
			defaultConfigurationName = Release;
		};
/* End XCConfigurationList section */
	};
	rootObject = 1D60807B2C34B2A60048B8C4 /* Project object */;
}
